
Microsoft Visual Studio Solution File, Format Version 12.00
# Visual Studio 14
VisualStudioVersion = 14.0.25420.1
MinimumVisualStudioVersion = 10.0.40219.1
Project("{FAE04EC0-301F-11D3-BF4B-00C04F79EFBC}") = "EpiCommerceKit.Web", "EpiCommerceKit.Web\EpiCommerceKit.Web.csproj", "{441C32A8-8697-44A6-A2C5-72B33AC825BA}"
EndProject
Project("{FAE04EC0-301F-11D3-BF4B-00C04F79EFBC}") = "EpiCommerceKit.Web.Tests", "EpiCommerceKit.Web.Tests\EpiCommerceKit.Web.Tests.csproj", "{25B910F6-DA46-45CE-8FEC-39EDD19B3C54}"
EndProject
Project("{FAE04EC0-301F-11D3-BF4B-00C04F79EFBC}") = "EpiCommerceKit.CommerceManager", "EpiCommerceKit.CommerceManager\EpiCommerceKit.CommerceManager.csproj", "{7B0305DD-A14C-4552-A52D-F799D226E0AD}"
EndProject
Project("{FAE04EC0-301F-11D3-BF4B-00C04F79EFBC}") = "EpiCommerceKit.Common", "EpiCommerceKit.Common\EpiCommerceKit.Common.csproj", "{BF299A1E-D35B-44B2-898E-2F931F1B67A3}"
EndProject
Project("{FAE04EC0-301F-11D3-BF4B-00C04F79EFBC}") = "EpiCommerceKit.Workflow", "EpiCommerceKit.Workflow\EpiCommerceKit.Workflow.csproj", "{1CAC073C-ADF6-47C8-AE05-F1F7F50229D6}"
EndProject
Project("{2150E333-8FDC-42A3-9474-1A3956D46DE8}") = ".nuget", ".nuget", "{D6032C59-A51D-42BA-B46E-2E960BE48337}"
	ProjectSection(SolutionItems) = preProject
		.nuget\nuget.config = .nuget\nuget.config
	EndProjectSection
EndProject
Global
	GlobalSection(SolutionConfigurationPlatforms) = preSolution
		Debug|Any CPU = Debug|Any CPU
		Release|Any CPU = Release|Any CPU
	EndGlobalSection
	GlobalSection(ProjectConfigurationPlatforms) = postSolution
		{441C32A8-8697-44A6-A2C5-72B33AC825BA}.Debug|Any CPU.ActiveCfg = Debug|Any CPU
		{441C32A8-8697-44A6-A2C5-72B33AC825BA}.Debug|Any CPU.Build.0 = Debug|Any CPU
		{441C32A8-8697-44A6-A2C5-72B33AC825BA}.Release|Any CPU.ActiveCfg = Release|Any CPU
		{441C32A8-8697-44A6-A2C5-72B33AC825BA}.Release|Any CPU.Build.0 = Release|Any CPU
		{25B910F6-DA46-45CE-8FEC-39EDD19B3C54}.Debug|Any CPU.ActiveCfg = Debug|Any CPU
		{25B910F6-DA46-45CE-8FEC-39EDD19B3C54}.Debug|Any CPU.Build.0 = Debug|Any CPU
		{25B910F6-DA46-45CE-8FEC-39EDD19B3C54}.Release|Any CPU.ActiveCfg = Release|Any CPU
		{25B910F6-DA46-45CE-8FEC-39EDD19B3C54}.Release|Any CPU.Build.0 = Release|Any CPU
		{7B0305DD-A14C-4552-A52D-F799D226E0AD}.Debug|Any CPU.ActiveCfg = Debug|Any CPU
		{7B0305DD-A14C-4552-A52D-F799D226E0AD}.Debug|Any CPU.Build.0 = Debug|Any CPU
		{7B0305DD-A14C-4552-A52D-F799D226E0AD}.Release|Any CPU.ActiveCfg = Release|Any CPU
		{7B0305DD-A14C-4552-A52D-F799D226E0AD}.Release|Any CPU.Build.0 = Release|Any CPU
		{BF299A1E-D35B-44B2-898E-2F931F1B67A3}.Debug|Any CPU.ActiveCfg = Debug|Any CPU
		{BF299A1E-D35B-44B2-898E-2F931F1B67A3}.Debug|Any CPU.Build.0 = Debug|Any CPU
		{BF299A1E-D35B-44B2-898E-2F931F1B67A3}.Release|Any CPU.ActiveCfg = Release|Any CPU
		{BF299A1E-D35B-44B2-898E-2F931F1B67A3}.Release|Any CPU.Build.0 = Release|Any CPU
		{1CAC073C-ADF6-47C8-AE05-F1F7F50229D6}.Debug|Any CPU.ActiveCfg = Debug|Any CPU
		{1CAC073C-ADF6-47C8-AE05-F1F7F50229D6}.Debug|Any CPU.Build.0 = Debug|Any CPU
		{1CAC073C-ADF6-47C8-AE05-F1F7F50229D6}.Release|Any CPU.ActiveCfg = Release|Any CPU
		{1CAC073C-ADF6-47C8-AE05-F1F7F50229D6}.Release|Any CPU.Build.0 = Release|Any CPU
	EndGlobalSection
	GlobalSection(SolutionProperties) = preSolution
		HideSolutionNode = FALSE
	EndGlobalSection
EndGlobal
